
Microsoft Visual Studio Solution File, Format Version 12.00
# Visual Studio Version 16
VisualStudioVersion = 16.0.33214.272
MinimumVisualStudioVersion = 10.0.40219.1
Project("{FAE04EC0-301F-11D3-BF4B-00C04F79EFBC}") = "05.04hm", "05.04hm\05.04hm.csproj", "{1B28B5FD-950F-49C0-9FD9-35C462DBB00A}"
EndProject
Global
	GlobalSection(SolutionConfigurationPlatforms) = preSolution
		Debug|Any CPU = Debug|Any CPU
		Release|Any CPU = Release|Any CPU
	EndGlobalSection
	GlobalSection(ProjectConfigurationPlatforms) = postSolution
		{1B28B5FD-950F-49C0-9FD9-35C462DBB00A}.Debug|Any CPU.ActiveCfg = Debug|Any CPU
		{1B28B5FD-950F-49C0-9FD9-35C462DBB00A}.Debug|Any CPU.Build.0 = Debug|Any CPU
		{1B28B5FD-950F-49C0-9FD9-35C462DBB00A}.Release|Any CPU.ActiveCfg = Release|Any CPU
		{1B28B5FD-950F-49C0-9FD9-35C462DBB00A}.Release|Any CPU.Build.0 = Release|Any CPU
	EndGlobalSection
	GlobalSection(SolutionProperties) = preSolution
		HideSolutionNode = FALSE
	EndGlobalSection
	GlobalSection(ExtensibilityGlobals) = postSolution
		SolutionGuid = {D859AE9F-E699-477D-8FFB-55FA9745E53A}
	EndGlobalSection
EndGlobal
